// !$*UTF8*$!
{
	archiveVersion = 1;
	classes = {
	};
	objectVersion = 50;
	objects = {

/* Begin PBXBuildFile section */
		893AB3FA20E9CE180062D0C0 /* ValueObject.m in Sources */ = {isa = PBXBuildFile; fileRef = 893AB3F920E9CE180062D0C0 /* ValueObject.m */; };
		894150FF20E4BE7000918E8F /* AppDelegate.m in Sources */ = {isa = PBXBuildFile; fileRef = 894150FE20E4BE7000918E8F /* AppDelegate.m */; };
		8941510220E4BE7100918E8F /* ViewController.m in Sources */ = {isa = PBXBuildFile; fileRef = 8941510120E4BE7100918E8F /* ViewController.m */; };
		8941510520E4BE7100918E8F /* Main.storyboard in Resources */ = {isa = PBXBuildFile; fileRef = 8941510320E4BE7100918E8F /* Main.storyboard */; };
		8941510720E4BE7300918E8F /* Assets.xcassets in Resources */ = {isa = PBXBuildFile; fileRef = 8941510620E4BE7300918E8F /* Assets.xcassets */; };
		8941510A20E4BE7300918E8F /* LaunchScreen.storyboard in Resources */ = {isa = PBXBuildFile; fileRef = 8941510820E4BE7300918E8F /* LaunchScreen.storyboard */; };
		8941510D20E4BE7300918E8F /* main.m in Sources */ = {isa = PBXBuildFile; fileRef = 8941510C20E4BE7300918E8F /* main.m */; };
		8941511520E4CBDA00918E8F /* FirstViewController.m in Sources */ = {isa = PBXBuildFile; fileRef = 8941511420E4CBDA00918E8F /* FirstViewController.m */; };
		8941511820E4CBE300918E8F /* SecondViewController.m in Sources */ = {isa = PBXBuildFile; fileRef = 8941511720E4CBE300918E8F /* SecondViewController.m */; };
		8941511B20E4CBE900918E8F /* ThirdViewController.m in Sources */ = {isa = PBXBuildFile; fileRef = 8941511A20E4CBE900918E8F /* ThirdViewController.m */; };
		8941511E20E4CBF000918E8F /* FourthViewController.m in Sources */ = {isa = PBXBuildFile; fileRef = 8941511D20E4CBF000918E8F /* FourthViewController.m */; };
/* End PBXBuildFile section */

/* Begin PBXFileReference section */
		893AB3F820E9CE180062D0C0 /* ValueObject.h */ = {isa = PBXFileReference; lastKnownFileType = sourcecode.c.h; path = ValueObject.h; sourceTree = "<group>"; };
		893AB3F920E9CE180062D0C0 /* ValueObject.m */ = {isa = PBXFileReference; lastKnownFileType = sourcecode.c.objc; path = ValueObject.m; sourceTree = "<group>"; };
		894150FA20E4BE7000918E8F /* ByValDemo.app */ = {isa = PBXFileReference; explicitFileType = wrapper.application; includeInIndex = 0; path = ByValDemo.app; sourceTree = BUILT_PRODUCTS_DIR; };
		894150FD20E4BE7000918E8F /* AppDelegate.h */ = {isa = PBXFileReference; lastKnownFileType = sourcecode.c.h; path = AppDelegate.h; sourceTree = "<group>"; };
		894150FE20E4BE7000918E8F /* AppDelegate.m */ = {isa = PBXFileReference; lastKnownFileType = sourcecode.c.objc; path = AppDelegate.m; sourceTree = "<group>"; };
		8941510020E4BE7100918E8F /* ViewController.h */ = {isa = PBXFileReference; lastKnownFileType = sourcecode.c.h; path = ViewController.h; sourceTree = "<group>"; };
		8941510120E4BE7100918E8F /* ViewController.m */ = {isa = PBXFileReference; lastKnownFileType = sourcecode.c.objc; path = ViewController.m; sourceTree = "<group>"; };
		8941510420E4BE7100918E8F /* Base */ = {isa = PBXFileReference; lastKnownFileType = file.storyboard; name = Base; path = Base.lproj/Main.storyboard; sourceTree = "<group>"; };
		8941510620E4BE7300918E8F /* Assets.xcassets */ = {isa = PBXFileReference; lastKnownFileType = folder.assetcatalog; path = Assets.xcassets; sourceTree = "<group>"; };
		8941510920E4BE7300918E8F /* Base */ = {isa = PBXFileReference; lastKnownFileType = file.storyboard; name = Base; path = Base.lproj/LaunchScreen.storyboard; sourceTree = "<group>"; };
		8941510B20E4BE7300918E8F /* Info.plist */ = {isa = PBXFileReference; lastKnownFileType = text.plist.xml; path = Info.plist; sourceTree = "<group>"; };
		8941510C20E4BE7300918E8F /* main.m */ = {isa = PBXFileReference; lastKnownFileType = sourcecode.c.objc; path = main.m; sourceTree = "<group>"; };
		8941511320E4CBDA00918E8F /* FirstViewController.h */ = {isa = PBXFileReference; lastKnownFileType = sourcecode.c.h; path = FirstViewController.h; sourceTree = "<group>"; };
		8941511420E4CBDA00918E8F /* FirstViewController.m */ = {isa = PBXFileReference; lastKnownFileType = sourcecode.c.objc; path = FirstViewController.m; sourceTree = "<group>"; };
		8941511620E4CBE300918E8F /* SecondViewController.h */ = {isa = PBXFileReference; lastKnownFileType = sourcecode.c.h; path = SecondViewController.h; sourceTree = "<group>"; };
		8941511720E4CBE300918E8F /* SecondViewController.m */ = {isa = PBXFileReference; lastKnownFileType = sourcecode.c.objc; path = SecondViewController.m; sourceTree = "<group>"; };
		8941511920E4CBE900918E8F /* ThirdViewController.h */ = {isa = PBXFileReference; lastKnownFileType = sourcecode.c.h; path = ThirdViewController.h; sourceTree = "<group>"; };
		8941511A20E4CBE900918E8F /* ThirdViewController.m */ = {isa = PBXFileReference; lastKnownFileType = sourcecode.c.objc; path = ThirdViewController.m; sourceTree = "<group>"; };
		8941511C20E4CBF000918E8F /* FourthViewController.h */ = {isa = PBXFileReference; lastKnownFileType = sourcecode.c.h; path = FourthViewController.h; sourceTree = "<group>"; };
		8941511D20E4CBF000918E8F /* FourthViewController.m */ = {isa = PBXFileReference; lastKnownFileType = sourcecode.c.objc; path = FourthViewController.m; sourceTree = "<group>"; };
/* End PBXFileReference section */

/* Begin PBXFrameworksBuildPhase section */
		894150F720E4BE7000918E8F /* Frameworks */ = {
			isa = PBXFrameworksBuildPhase;
			buildActionMask = 2147483647;
			files = (
			);
			runOnlyForDeploymentPostprocessing = 0;
		};
/* End PBXFrameworksBuildPhase section */

/* Begin PBXGroup section */
		894150F120E4BE7000918E8F = {
			isa = PBXGroup;
			children = (
				894150FC20E4BE7000918E8F /* ByValDemo */,
				894150FB20E4BE7000918E8F /* Products */,
			);
			sourceTree = "<group>";
		};
		894150FB20E4BE7000918E8F /* Products */ = {
			isa = PBXGroup;
			children = (
				894150FA20E4BE7000918E8F /* ByValDemo.app */,
			);
			name = Products;
			sourceTree = "<group>";
		};
		894150FC20E4BE7000918E8F /* ByValDemo */ = {
			isa = PBXGroup;
			children = (
				894150FD20E4BE7000918E8F /* AppDelegate.h */,
				894150FE20E4BE7000918E8F /* AppDelegate.m */,
				8941510020E4BE7100918E8F /* ViewController.h */,
				8941510120E4BE7100918E8F /* ViewController.m */,
				893AB3F820E9CE180062D0C0 /* ValueObject.h */,
				893AB3F920E9CE180062D0C0 /* ValueObject.m */,
				8941511320E4CBDA00918E8F /* FirstViewController.h */,
				8941511420E4CBDA00918E8F /* FirstViewController.m */,
				8941511620E4CBE300918E8F /* SecondViewController.h */,
				8941511720E4CBE300918E8F /* SecondViewController.m */,
				8941511920E4CBE900918E8F /* ThirdViewController.h */,
				8941511A20E4CBE900918E8F /* ThirdViewController.m */,
				8941511C20E4CBF000918E8F /* FourthViewController.h */,
				8941511D20E4CBF000918E8F /* FourthViewController.m */,
				8941510320E4BE7100918E8F /* Main.storyboard */,
				8941510620E4BE7300918E8F /* Assets.xcassets */,
				8941510820E4BE7300918E8F /* LaunchScreen.storyboard */,
				8941510B20E4BE7300918E8F /* Info.plist */,
				8941510C20E4BE7300918E8F /* main.m */,
			);
			path = ByValDemo;
			sourceTree = "<group>";
		};
/* End PBXGroup section */

/* Begin PBXNativeTarget section */
		894150F920E4BE7000918E8F /* ByValDemo */ = {
			isa = PBXNativeTarget;
			buildConfigurationList = 8941511020E4BE7300918E8F /* Build configuration list for PBXNativeTarget "ByValDemo" */;
			buildPhases = (
				894150F620E4BE7000918E8F /* Sources */,
				894150F720E4BE7000918E8F /* Frameworks */,
				894150F820E4BE7000918E8F /* Resources */,
			);
			buildRules = (
			);
			dependencies = (
			);
			name = ByValDemo;
			productName = ByValDemo;
			productReference = 894150FA20E4BE7000918E8F /* ByValDemo.app */;
			productType = "com.apple.product-type.application";
		};
/* End PBXNativeTarget section */

/* Begin PBXProject section */
		894150F220E4BE7000918E8F /* Project object */ = {
			isa = PBXProject;
			attributes = {
				LastUpgradeCheck = 0940;
				ORGANIZATIONNAME = zhaowenlong;
				TargetAttributes = {
					894150F920E4BE7000918E8F = {
						CreatedOnToolsVersion = 9.4;
					};
				};
			};
			buildConfigurationList = 894150F520E4BE7000918E8F /* Build configuration list for PBXProject "ByValDemo" */;
			compatibilityVersion = "Xcode 9.3";
			developmentRegion = en;
			hasScannedForEncodings = 0;
			knownRegions = (
				en,
				Base,
			);
			mainGroup = 894150F120E4BE7000918E8F;
			productRefGroup = 894150FB20E4BE7000918E8F /* Products */;
			projectDirPath = "";
			projectRoot = "";
			targets = (
				894150F920E4BE7000918E8F /* ByValDemo */,
			);
		};
/* End PBXProject section */

/* Begin PBXResourcesBuildPhase section */
		894150F820E4BE7000918E8F /* Resources */ = {
			isa = PBXResourcesBuildPhase;
			buildActionMask = 2147483647;
			files = (
				8941510A20E4BE7300918E8F /* LaunchScreen.storyboard in Resources */,
				8941510720E4BE7300918E8F /* Assets.xcassets in Resources */,
				8941510520E4BE7100918E8F /* Main.storyboard in Resources */,
			);
			runOnlyForDeploymentPostprocessing = 0;
		};
/* End PBXResourcesBuildPhase section */

/* Begin PBXSourcesBuildPhase section */
		894150F620E4BE7000918E8F /* Sources */ = {
			isa = PBXSourcesBuildPhase;
			buildActionMask = 2147483647;
			files = (
				8941511820E4CBE300918E8F /* SecondViewController.m in Sources */,
				8941510220E4BE7100918E8F /* ViewController.m in Sources */,
				8941511B20E4CBE900918E8F /* ThirdViewController.m in Sources */,
				8941510D20E4BE7300918E8F /* main.m in Sources */,
				893AB3FA20E9CE180062D0C0 /* ValueObject.m in Sources */,
				894150FF20E4BE7000918E8F /* AppDelegate.m in Sources */,
				8941511E20E4CBF000918E8F /* FourthViewController.m in Sources */,
				8941511520E4CBDA00918E8F /* FirstViewController.m in Sources */,
			);
			runOnlyForDeploymentPostprocessing = 0;
		};
/* End PBXSourcesBuildPhase section */

/* Begin PBXVariantGroup section */
		8941510320E4BE7100918E8F /* Main.storyboard */ = {
			isa = PBXVariantGroup;
			children = (
				8941510420E4BE7100918E8F /* Base */,
			);
			name = Main.storyboard;
			sourceTree = "<group>";
		};
		8941510820E4BE7300918E8F /* LaunchScreen.storyboard */ = {
			isa = PBXVariantGroup;
			children = (
				8941510920E4BE7300918E8F /* Base */,
			);
			name = LaunchScreen.storyboard;
			sourceTree = "<group>";
		};
/* End PBXVariantGroup section */

/* Begin XCBuildConfiguration section */
		8941510E20E4BE7300918E8F /* Debug */ = {
			isa = XCBuildConfiguration;
			buildSettings = {
				ALWAYS_SEARCH_USER_PATHS = NO;
				CLANG_ANALYZER_NONNULL = YES;
				CLANG_ANALYZER_NUMBER_OBJECT_CONVERSION = YES_AGGRESSIVE;
				CLANG_CXX_LANGUAGE_STANDARD = "gnu++14";
				CLANG_CXX_LIBRARY = "libc++";
				CLANG_ENABLE_MODULES = YES;
				CLANG_ENABLE_OBJC_ARC = YES;
				CLANG_ENABLE_OBJC_WEAK = YES;
				CLANG_WARN_BLOCK_CAPTURE_AUTORELEASING = YES;
				CLANG_WARN_BOOL_CONVERSION = YES;
				CLANG_WARN_COMMA = YES;
				CLANG_WARN_CONSTANT_CONVERSION = YES;
				CLANG_WARN_DEPRECATED_OBJC_IMPLEMENTATIONS = YES;
				CLANG_WARN_DIRECT_OBJC_ISA_USAGE = YES_ERROR;
				CLANG_WARN_DOCUMENTATION_COMMENTS = YES;
				CLANG_WARN_EMPTY_BODY = YES;
				CLANG_WARN_ENUM_CONVERSION = YES;
				CLANG_WARN_INFINITE_RECURSION = YES;
				CLANG_WARN_INT_CONVERSION = YES;
				CLANG_WARN_NON_LITERAL_NULL_CONVERSION = YES;
				CLANG_WARN_OBJC_IMPLICIT_RETAIN_SELF = YES;
				CLANG_WARN_OBJC_LITERAL_CONVERSION = YES;
				CLANG_WARN_OBJC_ROOT_CLASS = YES_ERROR;
				CLANG_WARN_RANGE_LOOP_ANALYSIS = YES;
				CLANG_WARN_STRICT_PROTOTYPES = YES;
				CLANG_WARN_SUSPICIOUS_MOVE = YES;
				CLANG_WARN_UNGUARDED_AVAILABILITY = YES_AGGRESSIVE;
				CLANG_WARN_UNREACHABLE_CODE = YES;
				CLANG_WARN__DUPLICATE_METHOD_MATCH = YES;
				CODE_SIGN_IDENTITY = "iPhone Developer";
				COPY_PHASE_STRIP = NO;
				DEBUG_INFORMATION_FORMAT = dwarf;
				ENABLE_STRICT_OBJC_MSGSEND = YES;
				ENABLE_TESTABILITY = YES;
				GCC_C_LANGUAGE_STANDARD = gnu11;
				GCC_DYNAMIC_NO_PIC = NO;
				GCC_NO_COMMON_BLOCKS = YES;
				GCC_OPTIMIZATION_LEVEL = 0;
				GCC_PREPROCESSOR_DEFINITIONS = (
					"DEBUG=1",
					"$(inherited)",
				);
				GCC_WARN_64_TO_32_BIT_CONVERSION = YES;
				GCC_WARN_ABOUT_RETURN_TYPE = YES_ERROR;
				GCC_WARN_UNDECLARED_SELECTOR = YES;
				GCC_WARN_UNINITIALIZED_AUTOS = YES_AGGRESSIVE;
				GCC_WARN_UNUSED_FUNCTION = YES;
				GCC_WARN_UNUSED_VARIABLE = YES;
				IPHONEOS_DEPLOYMENT_TARGET = 11.4;
				MTL_ENABLE_DEBUG_INFO = YES;
				ONLY_ACTIVE_ARCH = YES;
				SDKROOT = iphoneos;
			};
			name = Debug;
		};
		8941510F20E4BE7300918E8F /* Release */ = {
			isa = XCBuildConfiguration;
			buildSettings = {
				ALWAYS_SEARCH_USER_PATHS = NO;
				CLANG_ANALYZER_NONNULL = YES;
				CLANG_ANALYZER_NUMBER_OBJECT_CONVERSION = YES_AGGRESSIVE;
				CLANG_CXX_LANGUAGE_STANDARD = "gnu++14";
				CLANG_CXX_LIBRARY = "libc++";
				CLANG_ENABLE_MODULES = YES;
				CLANG_ENABLE_OBJC_ARC = YES;
				CLANG_ENABLE_OBJC_WEAK = YES;
				CLANG_WARN_BLOCK_CAPTURE_AUTORELEASING = YES;
				CLANG_WARN_BOOL_CONVERSION = YES;
				CLANG_WARN_COMMA = YES;
				CLANG_WARN_CONSTANT_CONVERSION = YES;
				CLANG_WARN_DEPRECATED_OBJC_IMPLEMENTATIONS = YES;
				CLANG_WARN_DIRECT_OBJC_ISA_USAGE = YES_ERROR;
				CLANG_WARN_DOCUMENTATION_COMMENTS = YES;
				CLANG_WARN_EMPTY_BODY = YES;
				CLANG_WARN_ENUM_CONVERSION = YES;
				CLANG_WARN_INFINITE_RECURSION = YES;
				CLANG_WARN_INT_CONVERSION = YES;
				CLANG_WARN_NON_LITERAL_NULL_CONVERSION = YES;
				CLANG_WARN_OBJC_IMPLICIT_RETAIN_SELF = YES;
				CLANG_WARN_OBJC_LITERAL_CONVERSION = YES;
				CLANG_WARN_OBJC_ROOT_CLASS = YES_ERROR;
				CLANG_WARN_RANGE_LOOP_ANALYSIS = YES;
				CLANG_WARN_STRICT_PROTOTYPES = YES;
				CLANG_WARN_SUSPICIOUS_MOVE = YES;
				CLANG_WARN_UNGUARDED_AVAILABILITY = YES_AGGRESSIVE;
				CLANG_WARN_UNREACHABLE_CODE = YES;
				CLANG_WARN__DUPLICATE_METHOD_MATCH = YES;
				CODE_SIGN_IDENTITY = "iPhone Developer";
				COPY_PHASE_STRIP = NO;
				DEBUG_INFORMATION_FORMAT = "dwarf-with-dsym";
				ENABLE_NS_ASSERTIONS = NO;
				ENABLE_STRICT_OBJC_MSGSEND = YES;
				GCC_C_LANGUAGE_STANDARD = gnu11;
				GCC_NO_COMMON_BLOCKS = YES;
				GCC_WARN_64_TO_32_BIT_CONVERSION = YES;
				GCC_WARN_ABOUT_RETURN_TYPE = YES_ERROR;
				GCC_WARN_UNDECLARED_SELECTOR = YES;
				GCC_WARN_UNINITIALIZED_AUTOS = YES_AGGRESSIVE;
				GCC_WARN_UNUSED_FUNCTION = YES;
				GCC_WARN_UNUSED_VARIABLE = YES;
				IPHONEOS_DEPLOYMENT_TARGET = 11.4;
				MTL_ENABLE_DEBUG_INFO = NO;
				SDKROOT = iphoneos;
				VALIDATE_PRODUCT = YES;
			};
			name = Release;
		};
		8941511120E4BE7300918E8F /* Debug */ = {
			isa = XCBuildConfiguration;
			buildSettings = {
				ASSETCATALOG_COMPILER_APPICON_NAME = AppIcon;
				CODE_SIGN_STYLE = Automatic;
				INFOPLIST_FILE = ByValDemo/Info.plist;
				LD_RUNPATH_SEARCH_PATHS = (
					"$(inherited)",
					"@executable_path/Frameworks",
				);
				PRODUCT_BUNDLE_IDENTIFIER = com.TLH.ByValDemo;
				PRODUCT_NAME = "$(TARGET_NAME)";
				TARGETED_DEVICE_FAMILY = "1,2";
			};
			name = Debug;
		};
		8941511220E4BE7300918E8F /* Release */ = {
			isa = XCBuildConfiguration;
			buildSettings = {
				ASSETCATALOG_COMPILER_APPICON_NAME = AppIcon;
				CODE_SIGN_STYLE = Automatic;
				INFOPLIST_FILE = ByValDemo/Info.plist;
				LD_RUNPATH_SEARCH_PATHS = (
					"$(inherited)",
					"@executable_path/Frameworks",
				);
				PRODUCT_BUNDLE_IDENTIFIER = com.TLH.ByValDemo;
				PRODUCT_NAME = "$(TARGET_NAME)";
				TARGETED_DEVICE_FAMILY = "1,2";
			};
			name = Release;
		};
/* End XCBuildConfiguration section */

/* Begin XCConfigurationList section */
		894150F520E4BE7000918E8F /* Build configuration list for PBXProject "ByValDemo" */ = {
			isa = XCConfigurationList;
			buildConfigurations = (
				8941510E20E4BE7300918E8F /* Debug */,
				8941510F20E4BE7300918E8F /* Release */,
			);
			defaultConfigurationIsVisible = 0;
			defaultConfigurationName = Release;
		};
		8941511020E4BE7300918E8F /* Build configuration list for PBXNativeTarget "ByValDemo" */ = {
			isa = XCConfigurationList;
			buildConfigurations = (
				8941511120E4BE7300918E8F /* Debug */,
				8941511220E4BE7300918E8F /* Release */,
			);
			defaultConfigurationIsVisible = 0;
			defaultConfigurationName = Release;
		};
/* End XCConfigurationList section */
	};
	rootObject = 894150F220E4BE7000918E8F /* Project object */;
}
